// !$*UTF8*$!
{
	archiveVersion = 1;
	classes = {
	};
	objectVersion = 77;
	objects = {

/* Begin PBXBuildFile section */
		01B23815F9E53ECD0C007B56 /* NotificationManager.swift in Sources */ = {isa = PBXBuildFile; fileRef = 2C2E2CB3F549EAD952F99033 /* NotificationManager.swift */; };
		09826C2E849987D49062912B /* StatusModels.swift in Sources */ = {isa = PBXBuildFile; fileRef = AD1A4427C8BF3B1505A699DE /* StatusModels.swift */; };
		0A071C2A73E9E84EF2A523B8 /* Assets.xcassets in Resources */ = {isa = PBXBuildFile; fileRef = 6F4EBB57E0BD422F0C1C6212 /* Assets.xcassets */; };
		1F8A0205EAFA41D82E4214F3 /* StatusProvider.swift in Sources */ = {isa = PBXBuildFile; fileRef = 04B619B417F42A7B9E5B5AD1 /* StatusProvider.swift */; };
		2B38E9FDA14BDDAD93EDEF46 /* AppDelegate.swift in Sources */ = {isa = PBXBuildFile; fileRef = C2A77757472D846FEED5850B /* AppDelegate.swift */; };
		302F7AE611F1098A73C5128E /* StatusDashboardView.swift in Sources */ = {isa = PBXBuildFile; fileRef = 17D8D5980A5EC2E160C4FEF7 /* StatusDashboardView.swift */; };
		32ECC59D085153C789A608B3 /* ServiceRowView.swift in Sources */ = {isa = PBXBuildFile; fileRef = 962A6B7D8541EB8C4130A061 /* ServiceRowView.swift */; };
		4A7F7F53C58432EB47964105 /* ScriptRunner.swift in Sources */ = {isa = PBXBuildFile; fileRef = 8F6C80CEA42A4BB6E2AFEFE1 /* ScriptRunner.swift */; };
		57F53D04B7374F170C1CC600 /* StatusManager.swift in Sources */ = {isa = PBXBuildFile; fileRef = 76D5531912E63A1F757946CB /* StatusManager.swift */; };
		6818995DE53C8AD6637D8F25 /* UpdateChecker.swift in Sources */ = {isa = PBXBuildFile; fileRef = 4C96B7963FF9BDD1EFD4C12F /* UpdateChecker.swift */; };
		7395527EDAD8780021EC58FE /* SettingsView.swift in Sources */ = {isa = PBXBuildFile; fileRef = 1B887E6AC9FD1BB538A2F00B /* SettingsView.swift */; };
		9B60E276C5087A38E6409ACE /* KeyboardShortcuts in Frameworks */ = {isa = PBXBuildFile; productRef = 265B1DEB4501BDAF1C970F76 /* KeyboardShortcuts */; };
		D3DD828C3B31D9A098605EA7 /* FirewatchApp.swift in Sources */ = {isa = PBXBuildFile; fileRef = 2D0F20055803BD586358D62E /* FirewatchApp.swift */; };
		DBA9B57E3E15FFF9CCA9EF85 /* ScriptStatusProvider.swift in Sources */ = {isa = PBXBuildFile; fileRef = 9CB4E69C69F473F94CE42190 /* ScriptStatusProvider.swift */; };
		E01376E7D05187DAE9D3047D /* ServiceDetailView.swift in Sources */ = {isa = PBXBuildFile; fileRef = 3532A3A8F78876EBE3F3098D /* ServiceDetailView.swift */; };
		E0A3DA8F53E38244007F60CC /* CheckScriptManager.swift in Sources */ = {isa = PBXBuildFile; fileRef = 1F95BA13ED642FD7A33716A0 /* CheckScriptManager.swift */; };
/* End PBXBuildFile section */

/* Begin PBXFileReference section */
		04B619B417F42A7B9E5B5AD1 /* StatusProvider.swift */ = {isa = PBXFileReference; lastKnownFileType = sourcecode.swift; path = StatusProvider.swift; sourceTree = "<group>"; };
		17D8D5980A5EC2E160C4FEF7 /* StatusDashboardView.swift */ = {isa = PBXFileReference; lastKnownFileType = sourcecode.swift; path = StatusDashboardView.swift; sourceTree = "<group>"; };
		1B887E6AC9FD1BB538A2F00B /* SettingsView.swift */ = {isa = PBXFileReference; lastKnownFileType = sourcecode.swift; path = SettingsView.swift; sourceTree = "<group>"; };
		1F95BA13ED642FD7A33716A0 /* CheckScriptManager.swift */ = {isa = PBXFileReference; lastKnownFileType = sourcecode.swift; path = CheckScriptManager.swift; sourceTree = "<group>"; };
		2C2E2CB3F549EAD952F99033 /* NotificationManager.swift */ = {isa = PBXFileReference; lastKnownFileType = sourcecode.swift; path = NotificationManager.swift; sourceTree = "<group>"; };
		2D0F20055803BD586358D62E /* FirewatchApp.swift */ = {isa = PBXFileReference; lastKnownFileType = sourcecode.swift; path = FirewatchApp.swift; sourceTree = "<group>"; };
		3532A3A8F78876EBE3F3098D /* ServiceDetailView.swift */ = {isa = PBXFileReference; lastKnownFileType = sourcecode.swift; path = ServiceDetailView.swift; sourceTree = "<group>"; };
		48F5C82AD5DA1CAB857A4C22 /* Firewatch.entitlements */ = {isa = PBXFileReference; lastKnownFileType = text.plist.entitlements; path = Firewatch.entitlements; sourceTree = "<group>"; };
		4C96B7963FF9BDD1EFD4C12F /* UpdateChecker.swift */ = {isa = PBXFileReference; lastKnownFileType = sourcecode.swift; path = UpdateChecker.swift; sourceTree = "<group>"; };
		6F4EBB57E0BD422F0C1C6212 /* Assets.xcassets */ = {isa = PBXFileReference; lastKnownFileType = folder.assetcatalog; path = Assets.xcassets; sourceTree = "<group>"; };
		76D5531912E63A1F757946CB /* StatusManager.swift */ = {isa = PBXFileReference; lastKnownFileType = sourcecode.swift; path = StatusManager.swift; sourceTree = "<group>"; };
		8107DF589FAF86D8B071BA03 /* Firewatch.app */ = {isa = PBXFileReference; explicitFileType = wrapper.application; includeInIndex = 0; path = Firewatch.app; sourceTree = BUILT_PRODUCTS_DIR; };
		8F6C80CEA42A4BB6E2AFEFE1 /* ScriptRunner.swift */ = {isa = PBXFileReference; lastKnownFileType = sourcecode.swift; path = ScriptRunner.swift; sourceTree = "<group>"; };
		962A6B7D8541EB8C4130A061 /* ServiceRowView.swift */ = {isa = PBXFileReference; lastKnownFileType = sourcecode.swift; path = ServiceRowView.swift; sourceTree = "<group>"; };
		9CB4E69C69F473F94CE42190 /* ScriptStatusProvider.swift */ = {isa = PBXFileReference; lastKnownFileType = sourcecode.swift; path = ScriptStatusProvider.swift; sourceTree = "<group>"; };
		AD1A4427C8BF3B1505A699DE /* StatusModels.swift */ = {isa = PBXFileReference; lastKnownFileType = sourcecode.swift; path = StatusModels.swift; sourceTree = "<group>"; };
		C2A77757472D846FEED5850B /* AppDelegate.swift */ = {isa = PBXFileReference; lastKnownFileType = sourcecode.swift; path = AppDelegate.swift; sourceTree = "<group>"; };
/* End PBXFileReference section */

/* Begin PBXFrameworksBuildPhase section */
		CCC9BBB58D4ECF0BDCD37871 /* Frameworks */ = {
			isa = PBXFrameworksBuildPhase;
			buildActionMask = 2147483647;
			files = (
				9B60E276C5087A38E6409ACE /* KeyboardShortcuts in Frameworks */,
			);
			runOnlyForDeploymentPostprocessing = 0;
		};
/* End PBXFrameworksBuildPhase section */

/* Begin PBXGroup section */
		01228B3F3D139E8F09C9691A /* Firewatch */ = {
			isa = PBXGroup;
			children = (
				8BD57B67C1D2397B37E7C5AB /* App */,
				5C276607D4B9E011087EF920 /* Models */,
				D56DDA46AB42995348EACDA2 /* Resources */,
				E63EC389F268E240B716E355 /* Services */,
				22EE6E3FCDF6F5D6C4D8C961 /* Views */,
			);
			path = Firewatch;
			sourceTree = "<group>";
		};
		0E3EF907E6A3A001F93B3470 /* Products */ = {
			isa = PBXGroup;
			children = (
				8107DF589FAF86D8B071BA03 /* Firewatch.app */,
			);
			name = Products;
			sourceTree = "<group>";
		};
		22EE6E3FCDF6F5D6C4D8C961 /* Views */ = {
			isa = PBXGroup;
			children = (
				3532A3A8F78876EBE3F3098D /* ServiceDetailView.swift */,
				962A6B7D8541EB8C4130A061 /* ServiceRowView.swift */,
				1B887E6AC9FD1BB538A2F00B /* SettingsView.swift */,
				17D8D5980A5EC2E160C4FEF7 /* StatusDashboardView.swift */,
			);
			path = Views;
			sourceTree = "<group>";
		};
		5C276607D4B9E011087EF920 /* Models */ = {
			isa = PBXGroup;
			children = (
				AD1A4427C8BF3B1505A699DE /* StatusModels.swift */,
			);
			path = Models;
			sourceTree = "<group>";
		};
		8BD57B67C1D2397B37E7C5AB /* App */ = {
			isa = PBXGroup;
			children = (
				C2A77757472D846FEED5850B /* AppDelegate.swift */,
				2D0F20055803BD586358D62E /* FirewatchApp.swift */,
			);
			path = App;
			sourceTree = "<group>";
		};
		D56DDA46AB42995348EACDA2 /* Resources */ = {
			isa = PBXGroup;
			children = (
				6F4EBB57E0BD422F0C1C6212 /* Assets.xcassets */,
				48F5C82AD5DA1CAB857A4C22 /* Firewatch.entitlements */,
			);
			path = Resources;
			sourceTree = "<group>";
		};
		E63EC389F268E240B716E355 /* Services */ = {
			isa = PBXGroup;
			children = (
				1F95BA13ED642FD7A33716A0 /* CheckScriptManager.swift */,
				2C2E2CB3F549EAD952F99033 /* NotificationManager.swift */,
				8F6C80CEA42A4BB6E2AFEFE1 /* ScriptRunner.swift */,
				9CB4E69C69F473F94CE42190 /* ScriptStatusProvider.swift */,
				76D5531912E63A1F757946CB /* StatusManager.swift */,
				04B619B417F42A7B9E5B5AD1 /* StatusProvider.swift */,
				4C96B7963FF9BDD1EFD4C12F /* UpdateChecker.swift */,
			);
			path = Services;
			sourceTree = "<group>";
		};
		E874D17FA05CF7977CBF7316 = {
			isa = PBXGroup;
			children = (
				01228B3F3D139E8F09C9691A /* Firewatch */,
				0E3EF907E6A3A001F93B3470 /* Products */,
			);
			sourceTree = "<group>";
		};
/* End PBXGroup section */

/* Begin PBXNativeTarget section */
		220F9A468687467F3B7545A0 /* Firewatch */ = {
			isa = PBXNativeTarget;
			buildConfigurationList = 57C53EE9AE9C9AEFA712668B /* Build configuration list for PBXNativeTarget "Firewatch" */;
			buildPhases = (
				FC7B65739B72D9670AC08F62 /* Sources */,
				5CDB1DD9EFAF96B8D85C2C14 /* Resources */,
				CCC9BBB58D4ECF0BDCD37871 /* Frameworks */,
			);
			buildRules = (
			);
			dependencies = (
			);
			name = Firewatch;
			packageProductDependencies = (
				265B1DEB4501BDAF1C970F76 /* KeyboardShortcuts */,
			);
			productName = Firewatch;
			productReference = 8107DF589FAF86D8B071BA03 /* Firewatch.app */;
			productType = "com.apple.product-type.application";
		};
/* End PBXNativeTarget section */

/* Begin PBXProject section */
		0EFE3064AF1D5939ED8ADBD7 /* Project object */ = {
			isa = PBXProject;
			attributes = {
				BuildIndependentTargetsInParallel = YES;
				LastUpgradeCheck = 1430;
				TargetAttributes = {
				};
			};
			buildConfigurationList = FFC712BD0687A0DFE44B242E /* Build configuration list for PBXProject "Firewatch" */;
			developmentRegion = en;
			hasScannedForEncodings = 0;
			knownRegions = (
				Base,
				en,
			);
			mainGroup = E874D17FA05CF7977CBF7316;
			minimizedProjectReferenceProxies = 1;
			packageReferences = (
				1386672BC36D835FD8B56898 /* XCRemoteSwiftPackageReference "KeyboardShortcuts" */,
			);
			preferredProjectObjectVersion = 77;
			productRefGroup = 0E3EF907E6A3A001F93B3470 /* Products */;
			projectDirPath = "";
			projectRoot = "";
			targets = (
				220F9A468687467F3B7545A0 /* Firewatch */,
			);
		};
/* End PBXProject section */

/* Begin PBXResourcesBuildPhase section */
		5CDB1DD9EFAF96B8D85C2C14 /* Resources */ = {
			isa = PBXResourcesBuildPhase;
			buildActionMask = 2147483647;
			files = (
				0A071C2A73E9E84EF2A523B8 /* Assets.xcassets in Resources */,
			);
			runOnlyForDeploymentPostprocessing = 0;
		};
/* End PBXResourcesBuildPhase section */

/* Begin PBXSourcesBuildPhase section */
		FC7B65739B72D9670AC08F62 /* Sources */ = {
			isa = PBXSourcesBuildPhase;
			buildActionMask = 2147483647;
			files = (
				2B38E9FDA14BDDAD93EDEF46 /* AppDelegate.swift in Sources */,
				E0A3DA8F53E38244007F60CC /* CheckScriptManager.swift in Sources */,
				D3DD828C3B31D9A098605EA7 /* FirewatchApp.swift in Sources */,
				01B23815F9E53ECD0C007B56 /* NotificationManager.swift in Sources */,
				4A7F7F53C58432EB47964105 /* ScriptRunner.swift in Sources */,
				DBA9B57E3E15FFF9CCA9EF85 /* ScriptStatusProvider.swift in Sources */,
				E01376E7D05187DAE9D3047D /* ServiceDetailView.swift in Sources */,
				32ECC59D085153C789A608B3 /* ServiceRowView.swift in Sources */,
				7395527EDAD8780021EC58FE /* SettingsView.swift in Sources */,
				302F7AE611F1098A73C5128E /* StatusDashboardView.swift in Sources */,
				57F53D04B7374F170C1CC600 /* StatusManager.swift in Sources */,
				09826C2E849987D49062912B /* StatusModels.swift in Sources */,
				1F8A0205EAFA41D82E4214F3 /* StatusProvider.swift in Sources */,
				6818995DE53C8AD6637D8F25 /* UpdateChecker.swift in Sources */,
			);
			runOnlyForDeploymentPostprocessing = 0;
		};
/* End PBXSourcesBuildPhase section */

/* Begin XCBuildConfiguration section */
		371D0D660A3A433F13469133 /* Debug */ = {
			isa = XCBuildConfiguration;
			buildSettings = {
				ASSETCATALOG_COMPILER_APPICON_NAME = AppIcon;
				CODE_SIGN_ENTITLEMENTS = Firewatch/Resources/Firewatch.entitlements;
				COMBINE_HIDPI_IMAGES = YES;
				CURRENT_PROJECT_VERSION = 1;
				GENERATE_INFOPLIST_FILE = YES;
				INFOPLIST_KEY_CFBundleDisplayName = Firewatch;
				INFOPLIST_KEY_LSUIElement = YES;
				LD_RUNPATH_SEARCH_PATHS = (
					"$(inherited)",
					"@executable_path/../Frameworks",
				);
				MARKETING_VERSION = 1.1.0;
				PRODUCT_BUNDLE_IDENTIFIER = com.firewatch.Firewatch;
				SDKROOT = macosx;
			};
			name = Debug;
		};
		3D0EE79BA09DD61E2418A190 /* Release */ = {
			isa = XCBuildConfiguration;
			buildSettings = {
				ASSETCATALOG_COMPILER_APPICON_NAME = AppIcon;
				CODE_SIGN_ENTITLEMENTS = Firewatch/Resources/Firewatch.entitlements;
				COMBINE_HIDPI_IMAGES = YES;
				CURRENT_PROJECT_VERSION = 1;
				GENERATE_INFOPLIST_FILE = YES;
				INFOPLIST_KEY_CFBundleDisplayName = Firewatch;
				INFOPLIST_KEY_LSUIElement = YES;
				LD_RUNPATH_SEARCH_PATHS = (
					"$(inherited)",
					"@executable_path/../Frameworks",
				);
				MARKETING_VERSION = 1.1.0;
				PRODUCT_BUNDLE_IDENTIFIER = com.firewatch.Firewatch;
				SDKROOT = macosx;
			};
			name = Release;
		};
		DBEA3632AB51E9EB86A6F973 /* Release */ = {
			isa = XCBuildConfiguration;
			buildSettings = {
				ALWAYS_SEARCH_USER_PATHS = NO;
				CLANG_ANALYZER_NONNULL = YES;
				CLANG_ANALYZER_NUMBER_OBJECT_CONVERSION = YES_AGGRESSIVE;
				CLANG_CXX_LANGUAGE_STANDARD = "gnu++14";
				CLANG_CXX_LIBRARY = "libc++";
				CLANG_ENABLE_MODULES = YES;
				CLANG_ENABLE_OBJC_ARC = YES;
				CLANG_ENABLE_OBJC_WEAK = YES;
				CLANG_WARN_BLOCK_CAPTURE_AUTORELEASING = YES;
				CLANG_WARN_BOOL_CONVERSION = YES;
				CLANG_WARN_COMMA = YES;
				CLANG_WARN_CONSTANT_CONVERSION = YES;
				CLANG_WARN_DEPRECATED_OBJC_IMPLEMENTATIONS = YES;
				CLANG_WARN_DIRECT_OBJC_ISA_USAGE = YES_ERROR;
				CLANG_WARN_DOCUMENTATION_COMMENTS = YES;
				CLANG_WARN_EMPTY_BODY = YES;
				CLANG_WARN_ENUM_CONVERSION = YES;
				CLANG_WARN_INFINITE_RECURSION = YES;
				CLANG_WARN_INT_CONVERSION = YES;
				CLANG_WARN_NON_LITERAL_NULL_CONVERSION = YES;
				CLANG_WARN_OBJC_IMPLICIT_RETAIN_SELF = YES;
				CLANG_WARN_OBJC_LITERAL_CONVERSION = YES;
				CLANG_WARN_OBJC_ROOT_CLASS = YES_ERROR;
				CLANG_WARN_QUOTED_INCLUDE_IN_FRAMEWORK_HEADER = YES;
				CLANG_WARN_RANGE_LOOP_ANALYSIS = YES;
				CLANG_WARN_STRICT_PROTOTYPES = YES;
				CLANG_WARN_SUSPICIOUS_MOVE = YES;
				CLANG_WARN_UNGUARDED_AVAILABILITY = YES_AGGRESSIVE;
				CLANG_WARN_UNREACHABLE_CODE = YES;
				CLANG_WARN__DUPLICATE_METHOD_MATCH = YES;
				COPY_PHASE_STRIP = NO;
				DEBUG_INFORMATION_FORMAT = "dwarf-with-dsym";
				ENABLE_NS_ASSERTIONS = NO;
				ENABLE_STRICT_OBJC_MSGSEND = YES;
				GCC_C_LANGUAGE_STANDARD = gnu11;
				GCC_NO_COMMON_BLOCKS = YES;
				GCC_WARN_64_TO_32_BIT_CONVERSION = YES;
				GCC_WARN_ABOUT_RETURN_TYPE = YES_ERROR;
				GCC_WARN_UNDECLARED_SELECTOR = YES;
				GCC_WARN_UNINITIALIZED_AUTOS = YES_AGGRESSIVE;
				GCC_WARN_UNUSED_FUNCTION = YES;
				GCC_WARN_UNUSED_VARIABLE = YES;
				MACOSX_DEPLOYMENT_TARGET = 14.0;
				MTL_ENABLE_DEBUG_INFO = NO;
				MTL_FAST_MATH = YES;
				PRODUCT_NAME = "$(TARGET_NAME)";
				SDKROOT = macosx;
				SWIFT_COMPILATION_MODE = wholemodule;
				SWIFT_OPTIMIZATION_LEVEL = "-O";
				SWIFT_VERSION = 5.0;
			};
			name = Release;
		};
		E235C18E6A993E6769801329 /* Debug */ = {
			isa = XCBuildConfiguration;
			buildSettings = {
				ALWAYS_SEARCH_USER_PATHS = NO;
				CLANG_ANALYZER_NONNULL = YES;
				CLANG_ANALYZER_NUMBER_OBJECT_CONVERSION = YES_AGGRESSIVE;
				CLANG_CXX_LANGUAGE_STANDARD = "gnu++14";
				CLANG_CXX_LIBRARY = "libc++";
				CLANG_ENABLE_MODULES = YES;
				CLANG_ENABLE_OBJC_ARC = YES;
				CLANG_ENABLE_OBJC_WEAK = YES;
				CLANG_WARN_BLOCK_CAPTURE_AUTORELEASING = YES;
				CLANG_WARN_BOOL_CONVERSION = YES;
				CLANG_WARN_COMMA = YES;
				CLANG_WARN_CONSTANT_CONVERSION = YES;
				CLANG_WARN_DEPRECATED_OBJC_IMPLEMENTATIONS = YES;
				CLANG_WARN_DIRECT_OBJC_ISA_USAGE = YES_ERROR;
				CLANG_WARN_DOCUMENTATION_COMMENTS = YES;
				CLANG_WARN_EMPTY_BODY = YES;
				CLANG_WARN_ENUM_CONVERSION = YES;
				CLANG_WARN_INFINITE_RECURSION = YES;
				CLANG_WARN_INT_CONVERSION = YES;
				CLANG_WARN_NON_LITERAL_NULL_CONVERSION = YES;
				CLANG_WARN_OBJC_IMPLICIT_RETAIN_SELF = YES;
				CLANG_WARN_OBJC_LITERAL_CONVERSION = YES;
				CLANG_WARN_OBJC_ROOT_CLASS = YES_ERROR;
				CLANG_WARN_QUOTED_INCLUDE_IN_FRAMEWORK_HEADER = YES;
				CLANG_WARN_RANGE_LOOP_ANALYSIS = YES;
				CLANG_WARN_STRICT_PROTOTYPES = YES;
				CLANG_WARN_SUSPICIOUS_MOVE = YES;
				CLANG_WARN_UNGUARDED_AVAILABILITY = YES_AGGRESSIVE;
				CLANG_WARN_UNREACHABLE_CODE = YES;
				CLANG_WARN__DUPLICATE_METHOD_MATCH = YES;
				COPY_PHASE_STRIP = NO;
				DEBUG_INFORMATION_FORMAT = dwarf;
				ENABLE_STRICT_OBJC_MSGSEND = YES;
				ENABLE_TESTABILITY = YES;
				GCC_C_LANGUAGE_STANDARD = gnu11;
				GCC_DYNAMIC_NO_PIC = NO;
				GCC_NO_COMMON_BLOCKS = YES;
				GCC_OPTIMIZATION_LEVEL = 0;
				GCC_PREPROCESSOR_DEFINITIONS = (
					"$(inherited)",
					"DEBUG=1",
				);
				GCC_WARN_64_TO_32_BIT_CONVERSION = YES;
				GCC_WARN_ABOUT_RETURN_TYPE = YES_ERROR;
				GCC_WARN_UNDECLARED_SELECTOR = YES;
				GCC_WARN_UNINITIALIZED_AUTOS = YES_AGGRESSIVE;
				GCC_WARN_UNUSED_FUNCTION = YES;
				GCC_WARN_UNUSED_VARIABLE = YES;
				MACOSX_DEPLOYMENT_TARGET = 14.0;
				MTL_ENABLE_DEBUG_INFO = INCLUDE_SOURCE;
				MTL_FAST_MATH = YES;
				ONLY_ACTIVE_ARCH = YES;
				PRODUCT_NAME = "$(TARGET_NAME)";
				SDKROOT = macosx;
				SWIFT_ACTIVE_COMPILATION_CONDITIONS = DEBUG;
				SWIFT_OPTIMIZATION_LEVEL = "-Onone";
				SWIFT_VERSION = 5.0;
			};
			name = Debug;
		};
/* End XCBuildConfiguration section */

/* Begin XCConfigurationList section */
		57C53EE9AE9C9AEFA712668B /* Build configuration list for PBXNativeTarget "Firewatch" */ = {
			isa = XCConfigurationList;
			buildConfigurations = (
				371D0D660A3A433F13469133 /* Debug */,
				3D0EE79BA09DD61E2418A190 /* Release */,
			);
			defaultConfigurationIsVisible = 0;
			defaultConfigurationName = Debug;
		};
		FFC712BD0687A0DFE44B242E /* Build configuration list for PBXProject "Firewatch" */ = {
			isa = XCConfigurationList;
			buildConfigurations = (
				E235C18E6A993E6769801329 /* Debug */,
				DBEA3632AB51E9EB86A6F973 /* Release */,
			);
			defaultConfigurationIsVisible = 0;
			defaultConfigurationName = Debug;
		};
/* End XCConfigurationList section */

/* Begin XCRemoteSwiftPackageReference section */
		1386672BC36D835FD8B56898 /* XCRemoteSwiftPackageReference "KeyboardShortcuts" */ = {
			isa = XCRemoteSwiftPackageReference;
			repositoryURL = "https://github.com/sindresorhus/KeyboardShortcuts";
			requirement = {
				kind = upToNextMajorVersion;
				minimumVersion = 2.0.0;
			};
		};
/* End XCRemoteSwiftPackageReference section */

/* Begin XCSwiftPackageProductDependency section */
		265B1DEB4501BDAF1C970F76 /* KeyboardShortcuts */ = {
			isa = XCSwiftPackageProductDependency;
			package = 1386672BC36D835FD8B56898 /* XCRemoteSwiftPackageReference "KeyboardShortcuts" */;
			productName = KeyboardShortcuts;
		};
/* End XCSwiftPackageProductDependency section */
	};
	rootObject = 0EFE3064AF1D5939ED8ADBD7 /* Project object */;
}
